
Microsoft Visual Studio Solution File, Format Version 12.00
# Visual Studio Version 17
VisualStudioVersion = 17.7.34031.279
MinimumVisualStudioVersion = 10.0.40219.1
Project("{9A19103F-16F7-4668-BE54-9A1E7A4F7556}") = "ComicReader", "ComicReader\ComicReader.csproj", "{0F14F97F-AAE7-4EDF-A430-F8BA8538DDF9}"
EndProject
Global
	GlobalSection(SolutionConfigurationPlatforms) = preSolution
		Debug|Any CPU = Debug|Any CPU
		Release|Any CPU = Release|Any CPU
	EndGlobalSection
	GlobalSection(ProjectConfigurationPlatforms) = postSolution
		{0F14F97F-AAE7-4EDF-A430-F8BA8538DDF9}.Debug|Any CPU.ActiveCfg = Debug|Any CPU
		{0F14F97F-AAE7-4EDF-A430-F8BA8538DDF9}.Debug|Any CPU.Build.0 = Debug|Any CPU
		{0F14F97F-AAE7-4EDF-A430-F8BA8538DDF9}.Debug|Any CPU.Deploy.0 = Debug|Any CPU
		{0F14F97F-AAE7-4EDF-A430-F8BA8538DDF9}.Release|Any CPU.ActiveCfg = Release|Any CPU
		{0F14F97F-AAE7-4EDF-A430-F8BA8538DDF9}.Release|Any CPU.Build.0 = Release|Any CPU
		{0F14F97F-AAE7-4EDF-A430-F8BA8538DDF9}.Release|Any CPU.Deploy.0 = Release|Any CPU
	EndGlobalSection
	GlobalSection(SolutionProperties) = preSolution
		HideSolutionNode = FALSE
	EndGlobalSection
	GlobalSection(ExtensibilityGlobals) = postSolution
		SolutionGuid = {A9362F0F-4FA9-4D96-8503-9244393194A7}
	EndGlobalSection
EndGlobal
